
Microsoft Visual Studio Solution File, Format Version 12.00
# Visual Studio 15
VisualStudioVersion = 15.0.28010.2036
MinimumVisualStudioVersion = 10.0.40219.1
Project("{FAE04EC0-301F-11D3-BF4B-00C04F79EFBC}") = "vowels_Toles", "vowels_Toles\vowels_Toles.csproj", "{55ED78B6-E4E5-46D2-B41C-F86B9E61D917}"
EndProject
Global
	GlobalSection(SolutionConfigurationPlatforms) = preSolution
		Debug|Any CPU = Debug|Any CPU
		Release|Any CPU = Release|Any CPU
	EndGlobalSection
	GlobalSection(ProjectConfigurationPlatforms) = postSolution
		{55ED78B6-E4E5-46D2-B41C-F86B9E61D917}.Debug|Any CPU.ActiveCfg = Debug|Any CPU
		{55ED78B6-E4E5-46D2-B41C-F86B9E61D917}.Debug|Any CPU.Build.0 = Debug|Any CPU
		{55ED78B6-E4E5-46D2-B41C-F86B9E61D917}.Release|Any CPU.ActiveCfg = Release|Any CPU
		{55ED78B6-E4E5-46D2-B41C-F86B9E61D917}.Release|Any CPU.Build.0 = Release|Any CPU
	EndGlobalSection
	GlobalSection(SolutionProperties) = preSolution
		HideSolutionNode = FALSE
	EndGlobalSection
	GlobalSection(ExtensibilityGlobals) = postSolution
		SolutionGuid = {D07894DF-75C9-4A19-A146-CAD278B0829F}
	EndGlobalSection
EndGlobal
